github.com/ZennoLab/capmonstercloud-client-go v1.3.0 h1:nse30HVBJ5I2A+N37JLkki1xaSh2U6gsAAhYReDgVA8=
github.com/ZennoLab/capmonstercloud-client-go v1.3.0/go.mod h1:GS8sxP2pjVO05EdBR1XzanBT1vhPjH9+6pkPk73M8DE=
gopkg.in/check.v1 v0.0.0-20161208181325-20d25e280405/go.mod h1:Co6ibVJAznAaIkqp8huTwlJQCZ016jof/cbN4VW5Yz0=
gopkg.in/yaml.v3 v3.0.1 h1:fxVm/GzAzEWqLHuvctI91KS9hhNmmWOoWu0XTYJS7CA=
gopkg.in/yaml.v3 v3.0.1/go.mod h1:K4uyk7z7BCEPqu6E+C64Yfv1cQ7kz7rIZviUmN+EgEM=
